
Microsoft Visual Studio Solution File, Format Version 12.00
# Visual Studio Version 17
VisualStudioVersion = 17.14.36915.13 d17.14
MinimumVisualStudioVersion = 10.0.40219.1
Project("{FAE04EC0-301F-11D3-BF4B-00C04F79EFBC}") = "GerenciadorLivraria", "GerenciadorLivraria.csproj", "{4C01270E-A486-48CF-828A-E3E089643682}"
EndProject
Global
	GlobalSection(SolutionConfigurationPlatforms) = preSolution
		Debug|Any CPU = Debug|Any CPU
		Release|Any CPU = Release|Any CPU
	EndGlobalSection
	GlobalSection(ProjectConfigurationPlatforms) = postSolution
		{4C01270E-A486-48CF-828A-E3E089643682}.Debug|Any CPU.ActiveCfg = Debug|Any CPU
		{4C01270E-A486-48CF-828A-E3E089643682}.Debug|Any CPU.Build.0 = Debug|Any CPU
		{4C01270E-A486-48CF-828A-E3E089643682}.Release|Any CPU.ActiveCfg = Release|Any CPU
		{4C01270E-A486-48CF-828A-E3E089643682}.Release|Any CPU.Build.0 = Release|Any CPU
	EndGlobalSection
	GlobalSection(SolutionProperties) = preSolution
		HideSolutionNode = FALSE
	EndGlobalSection
	GlobalSection(ExtensibilityGlobals) = postSolution
		SolutionGuid = {E4FF8258-00E7-4043-9139-1C7B792D1212}
	EndGlobalSection
EndGlobal
